
Microsoft Visual Studio Solution File, Format Version 12.00
# Visual Studio Version 16
VisualStudioVersion = 16.0.30709.132
MinimumVisualStudioVersion = 10.0.40219.1
Project("{9A19103F-16F7-4668-BE54-9A1E7A4F7556}") = "AdventOfCode2020.Day01", "AdventOfCode2020.Day01\AdventOfCode2020.Day01.csproj", "{DCB5032E-B9FB-44D3-A813-1E1AE4379821}"
EndProject
Project("{2150E333-8FDC-42A3-9474-1A3956D46DE8}") = "Day01", "Day01", "{2C69DA77-712C-4C1A-9D64-181C1109118E}"
EndProject
Project("{2150E333-8FDC-42A3-9474-1A3956D46DE8}") = "Day02", "Day02", "{445A95FC-72E9-4E20-BAAC-760C1C1BF6FF}"
EndProject
Project("{9A19103F-16F7-4668-BE54-9A1E7A4F7556}") = "AdventOfCode2020.Day02", "AdventOfCode2020.Day02\AdventOfCode2020.Day02.csproj", "{38438380-9BFC-4076-B4DA-7171CF4D1AEC}"
EndProject
Project("{2150E333-8FDC-42A3-9474-1A3956D46DE8}") = "Day03", "Day03", "{36D76D5C-F409-4980-BFC6-CF7177AE5A25}"
EndProject
Project("{9A19103F-16F7-4668-BE54-9A1E7A4F7556}") = "AdventOfCode2020.Day03", "AdventOfCode2020.Day03\AdventOfCode2020.Day03.csproj", "{A14AD31F-E83D-43F9-928B-0A04F5E9E586}"
EndProject
Project("{2150E333-8FDC-42A3-9474-1A3956D46DE8}") = "Day04", "Day04", "{7D241B04-18DD-44E7-89A3-294C85ABEAEA}"
EndProject
Project("{9A19103F-16F7-4668-BE54-9A1E7A4F7556}") = "AdventOfCode2020.Day04", "AdventOfCode2020.Day04\AdventOfCode2020.Day04.csproj", "{F645A764-9A5A-402B-AF30-D140D7B7D5C8}"
EndProject
Project("{2150E333-8FDC-42A3-9474-1A3956D46DE8}") = "Common", "Common", "{2BBD4550-D286-4638-A7CA-27DA3B01E4D0}"
EndProject
Project("{9A19103F-16F7-4668-BE54-9A1E7A4F7556}") = "AdventOfCode2020.Common", "AdventOfCode2020.Common\AdventOfCode2020.Common.csproj", "{FF93B16F-FD0A-42C0-8F36-F5EA4675D871}"
EndProject
Project("{2150E333-8FDC-42A3-9474-1A3956D46DE8}") = "Day05", "Day05", "{B50A9DC5-17A7-416B-99C2-955414B6F4F6}"
EndProject
Project("{9A19103F-16F7-4668-BE54-9A1E7A4F7556}") = "AdventOfCode2020.Day05", "AdventOfCode2020.Day05\AdventOfCode2020.Day05.csproj", "{02B919D1-23CF-49E4-947A-0179A3BB12C0}"
EndProject
Project("{2150E333-8FDC-42A3-9474-1A3956D46DE8}") = "Day06", "Day06", "{14450E8F-8897-442C-B9AF-52C598DE3124}"
EndProject
Project("{9A19103F-16F7-4668-BE54-9A1E7A4F7556}") = "AdventOfCode2020.Day06", "AdventOfCode2020.Day06\AdventOfCode2020.Day06.csproj", "{DF891F70-4232-454A-B947-03E48C419B02}"
EndProject
Project("{2150E333-8FDC-42A3-9474-1A3956D46DE8}") = "Day07", "Day07", "{CE1773EF-B311-4998-BFB3-B37843215E56}"
EndProject
Project("{FAE04EC0-301F-11D3-BF4B-00C04F79EFBC}") = "AdventOfCode2020.Day07", "AdventOfCode2020.Day07\AdventOfCode2020.Day07.csproj", "{32DE0374-00DB-491E-A7BE-FACAE368DD2E}"
EndProject
Global
	GlobalSection(SolutionConfigurationPlatforms) = preSolution
		Debug|Any CPU = Debug|Any CPU
		Release|Any CPU = Release|Any CPU
	EndGlobalSection
	GlobalSection(ProjectConfigurationPlatforms) = postSolution
		{DCB5032E-B9FB-44D3-A813-1E1AE4379821}.Debug|Any CPU.ActiveCfg = Debug|Any CPU
		{DCB5032E-B9FB-44D3-A813-1E1AE4379821}.Debug|Any CPU.Build.0 = Debug|Any CPU
		{DCB5032E-B9FB-44D3-A813-1E1AE4379821}.Release|Any CPU.ActiveCfg = Release|Any CPU
		{DCB5032E-B9FB-44D3-A813-1E1AE4379821}.Release|Any CPU.Build.0 = Release|Any CPU
		{38438380-9BFC-4076-B4DA-7171CF4D1AEC}.Debug|Any CPU.ActiveCfg = Debug|Any CPU
		{38438380-9BFC-4076-B4DA-7171CF4D1AEC}.Debug|Any CPU.Build.0 = Debug|Any CPU
		{38438380-9BFC-4076-B4DA-7171CF4D1AEC}.Release|Any CPU.ActiveCfg = Release|Any CPU
		{38438380-9BFC-4076-B4DA-7171CF4D1AEC}.Release|Any CPU.Build.0 = Release|Any CPU
		{A14AD31F-E83D-43F9-928B-0A04F5E9E586}.Debug|Any CPU.ActiveCfg = Debug|Any CPU
		{A14AD31F-E83D-43F9-928B-0A04F5E9E586}.Debug|Any CPU.Build.0 = Debug|Any CPU
		{A14AD31F-E83D-43F9-928B-0A04F5E9E586}.Release|Any CPU.ActiveCfg = Release|Any CPU
		{A14AD31F-E83D-43F9-928B-0A04F5E9E586}.Release|Any CPU.Build.0 = Release|Any CPU
		{F645A764-9A5A-402B-AF30-D140D7B7D5C8}.Debug|Any CPU.ActiveCfg = Debug|Any CPU
		{F645A764-9A5A-402B-AF30-D140D7B7D5C8}.Debug|Any CPU.Build.0 = Debug|Any CPU
		{F645A764-9A5A-402B-AF30-D140D7B7D5C8}.Release|Any CPU.ActiveCfg = Release|Any CPU
		{F645A764-9A5A-402B-AF30-D140D7B7D5C8}.Release|Any CPU.Build.0 = Release|Any CPU
		{FF93B16F-FD0A-42C0-8F36-F5EA4675D871}.Debug|Any CPU.ActiveCfg = Debug|Any CPU
		{FF93B16F-FD0A-42C0-8F36-F5EA4675D871}.Debug|Any CPU.Build.0 = Debug|Any CPU
		{FF93B16F-FD0A-42C0-8F36-F5EA4675D871}.Release|Any CPU.ActiveCfg = Release|Any CPU
		{FF93B16F-FD0A-42C0-8F36-F5EA4675D871}.Release|Any CPU.Build.0 = Release|Any CPU
		{02B919D1-23CF-49E4-947A-0179A3BB12C0}.Debug|Any CPU.ActiveCfg = Debug|Any CPU
		{02B919D1-23CF-49E4-947A-0179A3BB12C0}.Debug|Any CPU.Build.0 = Debug|Any CPU
		{02B919D1-23CF-49E4-947A-0179A3BB12C0}.Release|Any CPU.ActiveCfg = Release|Any CPU
		{02B919D1-23CF-49E4-947A-0179A3BB12C0}.Release|Any CPU.Build.0 = Release|Any CPU
		{DF891F70-4232-454A-B947-03E48C419B02}.Debug|Any CPU.ActiveCfg = Debug|Any CPU
		{DF891F70-4232-454A-B947-03E48C419B02}.Debug|Any CPU.Build.0 = Debug|Any CPU
		{DF891F70-4232-454A-B947-03E48C419B02}.Release|Any CPU.ActiveCfg = Release|Any CPU
		{DF891F70-4232-454A-B947-03E48C419B02}.Release|Any CPU.Build.0 = Release|Any CPU
		{32DE0374-00DB-491E-A7BE-FACAE368DD2E}.Debug|Any CPU.ActiveCfg = Debug|Any CPU
		{32DE0374-00DB-491E-A7BE-FACAE368DD2E}.Debug|Any CPU.Build.0 = Debug|Any CPU
		{32DE0374-00DB-491E-A7BE-FACAE368DD2E}.Release|Any CPU.ActiveCfg = Release|Any CPU
		{32DE0374-00DB-491E-A7BE-FACAE368DD2E}.Release|Any CPU.Build.0 = Release|Any CPU
	EndGlobalSection
	GlobalSection(SolutionProperties) = preSolution
		HideSolutionNode = FALSE
	EndGlobalSection
	GlobalSection(NestedProjects) = preSolution
		{DCB5032E-B9FB-44D3-A813-1E1AE4379821} = {2C69DA77-712C-4C1A-9D64-181C1109118E}
		{38438380-9BFC-4076-B4DA-7171CF4D1AEC} = {445A95FC-72E9-4E20-BAAC-760C1C1BF6FF}
		{A14AD31F-E83D-43F9-928B-0A04F5E9E586} = {36D76D5C-F409-4980-BFC6-CF7177AE5A25}
		{F645A764-9A5A-402B-AF30-D140D7B7D5C8} = {7D241B04-18DD-44E7-89A3-294C85ABEAEA}
		{FF93B16F-FD0A-42C0-8F36-F5EA4675D871} = {2BBD4550-D286-4638-A7CA-27DA3B01E4D0}
		{02B919D1-23CF-49E4-947A-0179A3BB12C0} = {B50A9DC5-17A7-416B-99C2-955414B6F4F6}
		{DF891F70-4232-454A-B947-03E48C419B02} = {14450E8F-8897-442C-B9AF-52C598DE3124}
		{32DE0374-00DB-491E-A7BE-FACAE368DD2E} = {CE1773EF-B311-4998-BFB3-B37843215E56}
	EndGlobalSection
	GlobalSection(ExtensibilityGlobals) = postSolution
		SolutionGuid = {D92E8D3C-26A0-4321-890D-97D879DF8313}
	EndGlobalSection
EndGlobal
